{
  "version": 4,
  "terraform_version": "1.0.3",
  "serial": 11,
  "lineage": "cc1862a9-a663-378a-9fa5-bffef7a12546",
  "outputs": {},
  "resources": [
    {
      "mode": "managed",
      "type": "aws_vpc",
      "name": "testvpc",
      "provider": "provider[\"registry.terraform.io/hashicorp/aws\"]",
      "instances": [
        {
          "schema_version": 1,
          "attributes": {
            "arn": "arn:aws:ec2:us-east-1:241482372712:vpc/vpc-07b06bad0d49dc3c3",
            "assign_generated_ipv6_cidr_block": false,
            "cidr_block": "10.10.0.0/16",
            "default_network_acl_id": "acl-0cc6170d3ad40cffc",
            "default_route_table_id": "rtb-00b80f00c771754de",
            "default_security_group_id": "sg-0f7e600e5bd9448d5",
            "dhcp_options_id": "dopt-0da28277a7c3df121",
            "enable_classiclink": false,
            "enable_classiclink_dns_support": false,
            "enable_dns_hostnames": false,
            "enable_dns_support": true,
            "id": "vpc-07b06bad0d49dc3c3",
            "instance_tenancy": "default",
            "ipv6_association_id": "",
            "ipv6_cidr_block": "",
            "main_route_table_id": "rtb-00b80f00c771754de",
            "owner_id": "241482372712",
            "tags": {
              "Name": "ntier"
            },
            "tags_all": {
              "Name": "ntier"
            }
          },
          "sensitive_attributes": [],
          "private": "eyJzY2hlbWFfdmVyc2lvbiI6IjEifQ=="
        }
      ]
    }
  ]
}
